
Microsoft Visual Studio Solution File, Format Version 12.00
# Visual Studio 2013
VisualStudioVersion = 12.0.31101.0
MinimumVisualStudioVersion = 10.0.40219.1
Project("{FAE04EC0-301F-11D3-BF4B-00C04F79EFBC}") = "SeriesOfLetters", "ExtractLetters\SeriesOfLetters.csproj", "{4EBB4F60-5489-4A4B-B5C6-6B9DF73B0EAE}"
EndProject
Project("{FAE04EC0-301F-11D3-BF4B-00C04F79EFBC}") = "ReplaceAtag", "ReplaceAtag\ReplaceAtag.csproj", "{09959BCC-63CF-4702-8ECD-376165E2C62D}"
EndProject
Project("{FAE04EC0-301F-11D3-BF4B-00C04F79EFBC}") = "ExtractEmails", "ExtractEmails\ExtractEmails.csproj", "{A68ED3F6-7CDE-412F-A4B4-AEFD673D907E}"
EndProject
Project("{FAE04EC0-301F-11D3-BF4B-00C04F79EFBC}") = "SentenceExtractor", "SentenceExtractor\SentenceExtractor.csproj", "{2D4225DB-EA37-4AFE-91D1-F143B2785953}"
EndProject
Global
	GlobalSection(SolutionConfigurationPlatforms) = preSolution
		Debug|Any CPU = Debug|Any CPU
		Release|Any CPU = Release|Any CPU
	EndGlobalSection
	GlobalSection(ProjectConfigurationPlatforms) = postSolution
		{4EBB4F60-5489-4A4B-B5C6-6B9DF73B0EAE}.Debug|Any CPU.ActiveCfg = Debug|Any CPU
		{4EBB4F60-5489-4A4B-B5C6-6B9DF73B0EAE}.Debug|Any CPU.Build.0 = Debug|Any CPU
		{4EBB4F60-5489-4A4B-B5C6-6B9DF73B0EAE}.Release|Any CPU.ActiveCfg = Release|Any CPU
		{4EBB4F60-5489-4A4B-B5C6-6B9DF73B0EAE}.Release|Any CPU.Build.0 = Release|Any CPU
		{09959BCC-63CF-4702-8ECD-376165E2C62D}.Debug|Any CPU.ActiveCfg = Debug|Any CPU
		{09959BCC-63CF-4702-8ECD-376165E2C62D}.Debug|Any CPU.Build.0 = Debug|Any CPU
		{09959BCC-63CF-4702-8ECD-376165E2C62D}.Release|Any CPU.ActiveCfg = Release|Any CPU
		{09959BCC-63CF-4702-8ECD-376165E2C62D}.Release|Any CPU.Build.0 = Release|Any CPU
		{A68ED3F6-7CDE-412F-A4B4-AEFD673D907E}.Debug|Any CPU.ActiveCfg = Debug|Any CPU
		{A68ED3F6-7CDE-412F-A4B4-AEFD673D907E}.Debug|Any CPU.Build.0 = Debug|Any CPU
		{A68ED3F6-7CDE-412F-A4B4-AEFD673D907E}.Release|Any CPU.ActiveCfg = Release|Any CPU
		{A68ED3F6-7CDE-412F-A4B4-AEFD673D907E}.Release|Any CPU.Build.0 = Release|Any CPU
		{2D4225DB-EA37-4AFE-91D1-F143B2785953}.Debug|Any CPU.ActiveCfg = Debug|Any CPU
		{2D4225DB-EA37-4AFE-91D1-F143B2785953}.Debug|Any CPU.Build.0 = Debug|Any CPU
		{2D4225DB-EA37-4AFE-91D1-F143B2785953}.Release|Any CPU.ActiveCfg = Release|Any CPU
		{2D4225DB-EA37-4AFE-91D1-F143B2785953}.Release|Any CPU.Build.0 = Release|Any CPU
	EndGlobalSection
	GlobalSection(SolutionProperties) = preSolution
		HideSolutionNode = FALSE
	EndGlobalSection
EndGlobal
